
Microsoft Visual Studio Solution File, Format Version 12.00
# Visual Studio Version 17
VisualStudioVersion = 17.1.32319.34
MinimumVisualStudioVersion = 10.0.40219.1
Project("{8BC9CEB8-8B4A-11D0-8D11-00A0C91BC942}") = "ViewerPlugin", "ViewerPlugin\ViewerPlugin.vcxproj", "{5DDB17FB-F4A0-40D6-9663-86C4F37FCFF2}"
EndProject
Project("{9A19103F-16F7-4668-BE54-9A1E7A4F7556}") = "GuiShell", "GuiShell\GuiShell.csproj", "{75C69F05-44DD-4722-8664-10C0AFF2BFFE}"
EndProject
Project("{8BC9CEB8-8B4A-11D0-8D11-00A0C91BC942}") = "LoadTest", "LoadTest\LoadTest.vcxproj", "{D2309040-E57B-41CB-AAA4-C930FFB97032}"
EndProject
Project("{8BC9CEB8-8B4A-11D0-8D11-00A0C91BC942}") = "Hijacker", "Hijacker\Hijacker.vcxproj", "{F927A9DA-AFA4-434B-8B5A-82C41954A7F5}"
EndProject
Project("{8BC9CEB8-8B4A-11D0-8D11-00A0C91BC942}") = "IbWinCpp", "external\build\_deps\ibwincpp-build\IbWinCpp.vcxproj", "{D04F5FF3-6D8B-3718-BE85-2AAC74820582}"
EndProject
Project("{8BC9CEB8-8B4A-11D0-8D11-00A0C91BC942}") = "IbEverything", "external\build\_deps\ibeverything-build\IbEverything.vcxproj", "{3D68712A-BAF7-3103-8454-1FC988C101D1}"
EndProject
Global
	GlobalSection(SolutionConfigurationPlatforms) = preSolution
		Debug|Any CPU = Debug|Any CPU
		Debug|x64 = Debug|x64
		Debug|x86 = Debug|x86
		MinSizeRel|Any CPU = MinSizeRel|Any CPU
		MinSizeRel|x64 = MinSizeRel|x64
		MinSizeRel|x86 = MinSizeRel|x86
		Release|Any CPU = Release|Any CPU
		Release|x64 = Release|x64
		Release|x86 = Release|x86
		RelWithDebInfo|Any CPU = RelWithDebInfo|Any CPU
		RelWithDebInfo|x64 = RelWithDebInfo|x64
		RelWithDebInfo|x86 = RelWithDebInfo|x86
	EndGlobalSection
	GlobalSection(ProjectConfigurationPlatforms) = postSolution
		{5DDB17FB-F4A0-40D6-9663-86C4F37FCFF2}.Debug|Any CPU.ActiveCfg = Debug|Win32
		{5DDB17FB-F4A0-40D6-9663-86C4F37FCFF2}.Debug|x64.ActiveCfg = Debug|x64
		{5DDB17FB-F4A0-40D6-9663-86C4F37FCFF2}.Debug|x64.Build.0 = Debug|x64
		{5DDB17FB-F4A0-40D6-9663-86C4F37FCFF2}.Debug|x86.ActiveCfg = Debug|Win32
		{5DDB17FB-F4A0-40D6-9663-86C4F37FCFF2}.Debug|x86.Build.0 = Debug|Win32
		{5DDB17FB-F4A0-40D6-9663-86C4F37FCFF2}.MinSizeRel|Any CPU.ActiveCfg = Release|x64
		{5DDB17FB-F4A0-40D6-9663-86C4F37FCFF2}.MinSizeRel|Any CPU.Build.0 = Release|x64
		{5DDB17FB-F4A0-40D6-9663-86C4F37FCFF2}.MinSizeRel|Any CPU.Deploy.0 = Release|x64
		{5DDB17FB-F4A0-40D6-9663-86C4F37FCFF2}.MinSizeRel|x64.ActiveCfg = Release|x64
		{5DDB17FB-F4A0-40D6-9663-86C4F37FCFF2}.MinSizeRel|x64.Build.0 = Release|x64
		{5DDB17FB-F4A0-40D6-9663-86C4F37FCFF2}.MinSizeRel|x64.Deploy.0 = Release|x64
		{5DDB17FB-F4A0-40D6-9663-86C4F37FCFF2}.MinSizeRel|x86.ActiveCfg = Release|Win32
		{5DDB17FB-F4A0-40D6-9663-86C4F37FCFF2}.MinSizeRel|x86.Build.0 = Release|Win32
		{5DDB17FB-F4A0-40D6-9663-86C4F37FCFF2}.MinSizeRel|x86.Deploy.0 = Release|Win32
		{5DDB17FB-F4A0-40D6-9663-86C4F37FCFF2}.Release|Any CPU.ActiveCfg = Release|Win32
		{5DDB17FB-F4A0-40D6-9663-86C4F37FCFF2}.Release|x64.ActiveCfg = Release|x64
		{5DDB17FB-F4A0-40D6-9663-86C4F37FCFF2}.Release|x64.Build.0 = Release|x64
		{5DDB17FB-F4A0-40D6-9663-86C4F37FCFF2}.Release|x86.ActiveCfg = Release|Win32
		{5DDB17FB-F4A0-40D6-9663-86C4F37FCFF2}.Release|x86.Build.0 = Release|Win32
		{5DDB17FB-F4A0-40D6-9663-86C4F37FCFF2}.RelWithDebInfo|Any CPU.ActiveCfg = Release|x64
		{5DDB17FB-F4A0-40D6-9663-86C4F37FCFF2}.RelWithDebInfo|Any CPU.Build.0 = Release|x64
		{5DDB17FB-F4A0-40D6-9663-86C4F37FCFF2}.RelWithDebInfo|Any CPU.Deploy.0 = Release|x64
		{5DDB17FB-F4A0-40D6-9663-86C4F37FCFF2}.RelWithDebInfo|x64.ActiveCfg = Release|x64
		{5DDB17FB-F4A0-40D6-9663-86C4F37FCFF2}.RelWithDebInfo|x64.Build.0 = Release|x64
		{5DDB17FB-F4A0-40D6-9663-86C4F37FCFF2}.RelWithDebInfo|x64.Deploy.0 = Release|x64
		{5DDB17FB-F4A0-40D6-9663-86C4F37FCFF2}.RelWithDebInfo|x86.ActiveCfg = Release|Win32
		{5DDB17FB-F4A0-40D6-9663-86C4F37FCFF2}.RelWithDebInfo|x86.Build.0 = Release|Win32
		{5DDB17FB-F4A0-40D6-9663-86C4F37FCFF2}.RelWithDebInfo|x86.Deploy.0 = Release|Win32
		{75C69F05-44DD-4722-8664-10C0AFF2BFFE}.Debug|Any CPU.ActiveCfg = Debug|Any CPU
		{75C69F05-44DD-4722-8664-10C0AFF2BFFE}.Debug|Any CPU.Build.0 = Debug|Any CPU
		{75C69F05-44DD-4722-8664-10C0AFF2BFFE}.Debug|x64.ActiveCfg = Debug|Any CPU
		{75C69F05-44DD-4722-8664-10C0AFF2BFFE}.Debug|x64.Build.0 = Debug|Any CPU
		{75C69F05-44DD-4722-8664-10C0AFF2BFFE}.Debug|x86.ActiveCfg = Debug|Any CPU
		{75C69F05-44DD-4722-8664-10C0AFF2BFFE}.Debug|x86.Build.0 = Debug|Any CPU
		{75C69F05-44DD-4722-8664-10C0AFF2BFFE}.MinSizeRel|Any CPU.ActiveCfg = Release|Any CPU
		{75C69F05-44DD-4722-8664-10C0AFF2BFFE}.MinSizeRel|Any CPU.Build.0 = Release|Any CPU
		{75C69F05-44DD-4722-8664-10C0AFF2BFFE}.MinSizeRel|x64.ActiveCfg = Release|Any CPU
		{75C69F05-44DD-4722-8664-10C0AFF2BFFE}.MinSizeRel|x64.Build.0 = Release|Any CPU
		{75C69F05-44DD-4722-8664-10C0AFF2BFFE}.MinSizeRel|x86.ActiveCfg = Release|Any CPU
		{75C69F05-44DD-4722-8664-10C0AFF2BFFE}.MinSizeRel|x86.Build.0 = Release|Any CPU
		{75C69F05-44DD-4722-8664-10C0AFF2BFFE}.Release|Any CPU.ActiveCfg = Release|Any CPU
		{75C69F05-44DD-4722-8664-10C0AFF2BFFE}.Release|Any CPU.Build.0 = Release|Any CPU
		{75C69F05-44DD-4722-8664-10C0AFF2BFFE}.Release|x64.ActiveCfg = Release|Any CPU
		{75C69F05-44DD-4722-8664-10C0AFF2BFFE}.Release|x64.Build.0 = Release|Any CPU
		{75C69F05-44DD-4722-8664-10C0AFF2BFFE}.Release|x86.ActiveCfg = Release|Any CPU
		{75C69F05-44DD-4722-8664-10C0AFF2BFFE}.Release|x86.Build.0 = Release|Any CPU
		{75C69F05-44DD-4722-8664-10C0AFF2BFFE}.RelWithDebInfo|Any CPU.ActiveCfg = Release|Any CPU
		{75C69F05-44DD-4722-8664-10C0AFF2BFFE}.RelWithDebInfo|Any CPU.Build.0 = Release|Any CPU
		{75C69F05-44DD-4722-8664-10C0AFF2BFFE}.RelWithDebInfo|x64.ActiveCfg = Release|Any CPU
		{75C69F05-44DD-4722-8664-10C0AFF2BFFE}.RelWithDebInfo|x64.Build.0 = Release|Any CPU
		{75C69F05-44DD-4722-8664-10C0AFF2BFFE}.RelWithDebInfo|x86.ActiveCfg = Release|Any CPU
		{75C69F05-44DD-4722-8664-10C0AFF2BFFE}.RelWithDebInfo|x86.Build.0 = Release|Any CPU
		{D2309040-E57B-41CB-AAA4-C930FFB97032}.Debug|Any CPU.ActiveCfg = Debug|Win32
		{D2309040-E57B-41CB-AAA4-C930FFB97032}.Debug|x64.ActiveCfg = Debug|x64
		{D2309040-E57B-41CB-AAA4-C930FFB97032}.Debug|x64.Build.0 = Debug|x64
		{D2309040-E57B-41CB-AAA4-C930FFB97032}.Debug|x86.ActiveCfg = Debug|Win32
		{D2309040-E57B-41CB-AAA4-C930FFB97032}.Debug|x86.Build.0 = Debug|Win32
		{D2309040-E57B-41CB-AAA4-C930FFB97032}.MinSizeRel|Any CPU.ActiveCfg = Release|x64
		{D2309040-E57B-41CB-AAA4-C930FFB97032}.MinSizeRel|Any CPU.Build.0 = Release|x64
		{D2309040-E57B-41CB-AAA4-C930FFB97032}.MinSizeRel|x64.ActiveCfg = Release|x64
		{D2309040-E57B-41CB-AAA4-C930FFB97032}.MinSizeRel|x64.Build.0 = Release|x64
		{D2309040-E57B-41CB-AAA4-C930FFB97032}.MinSizeRel|x86.ActiveCfg = Release|Win32
		{D2309040-E57B-41CB-AAA4-C930FFB97032}.MinSizeRel|x86.Build.0 = Release|Win32
		{D2309040-E57B-41CB-AAA4-C930FFB97032}.Release|Any CPU.ActiveCfg = Release|Win32
		{D2309040-E57B-41CB-AAA4-C930FFB97032}.Release|x64.ActiveCfg = Release|x64
		{D2309040-E57B-41CB-AAA4-C930FFB97032}.Release|x64.Build.0 = Release|x64
		{D2309040-E57B-41CB-AAA4-C930FFB97032}.Release|x86.ActiveCfg = Release|Win32
		{D2309040-E57B-41CB-AAA4-C930FFB97032}.Release|x86.Build.0 = Release|Win32
		{D2309040-E57B-41CB-AAA4-C930FFB97032}.RelWithDebInfo|Any CPU.ActiveCfg = Release|x64
		{D2309040-E57B-41CB-AAA4-C930FFB97032}.RelWithDebInfo|Any CPU.Build.0 = Release|x64
		{D2309040-E57B-41CB-AAA4-C930FFB97032}.RelWithDebInfo|x64.ActiveCfg = Release|x64
		{D2309040-E57B-41CB-AAA4-C930FFB97032}.RelWithDebInfo|x64.Build.0 = Release|x64
		{D2309040-E57B-41CB-AAA4-C930FFB97032}.RelWithDebInfo|x86.ActiveCfg = Release|Win32
		{D2309040-E57B-41CB-AAA4-C930FFB97032}.RelWithDebInfo|x86.Build.0 = Release|Win32
		{F927A9DA-AFA4-434B-8B5A-82C41954A7F5}.Debug|Any CPU.ActiveCfg = Debug|Win32
		{F927A9DA-AFA4-434B-8B5A-82C41954A7F5}.Debug|x64.ActiveCfg = Debug|x64
		{F927A9DA-AFA4-434B-8B5A-82C41954A7F5}.Debug|x64.Build.0 = Debug|x64
		{F927A9DA-AFA4-434B-8B5A-82C41954A7F5}.Debug|x86.ActiveCfg = Debug|Win32
		{F927A9DA-AFA4-434B-8B5A-82C41954A7F5}.Debug|x86.Build.0 = Debug|Win32
		{F927A9DA-AFA4-434B-8B5A-82C41954A7F5}.MinSizeRel|Any CPU.ActiveCfg = Release|x64
		{F927A9DA-AFA4-434B-8B5A-82C41954A7F5}.MinSizeRel|Any CPU.Build.0 = Release|x64
		{F927A9DA-AFA4-434B-8B5A-82C41954A7F5}.MinSizeRel|x64.ActiveCfg = Release|x64
		{F927A9DA-AFA4-434B-8B5A-82C41954A7F5}.MinSizeRel|x64.Build.0 = Release|x64
		{F927A9DA-AFA4-434B-8B5A-82C41954A7F5}.MinSizeRel|x86.ActiveCfg = Release|Win32
		{F927A9DA-AFA4-434B-8B5A-82C41954A7F5}.MinSizeRel|x86.Build.0 = Release|Win32
		{F927A9DA-AFA4-434B-8B5A-82C41954A7F5}.Release|Any CPU.ActiveCfg = Release|Win32
		{F927A9DA-AFA4-434B-8B5A-82C41954A7F5}.Release|x64.ActiveCfg = Release|x64
		{F927A9DA-AFA4-434B-8B5A-82C41954A7F5}.Release|x64.Build.0 = Release|x64
		{F927A9DA-AFA4-434B-8B5A-82C41954A7F5}.Release|x86.ActiveCfg = Release|Win32
		{F927A9DA-AFA4-434B-8B5A-82C41954A7F5}.Release|x86.Build.0 = Release|Win32
		{F927A9DA-AFA4-434B-8B5A-82C41954A7F5}.RelWithDebInfo|Any CPU.ActiveCfg = Release|x64
		{F927A9DA-AFA4-434B-8B5A-82C41954A7F5}.RelWithDebInfo|Any CPU.Build.0 = Release|x64
		{F927A9DA-AFA4-434B-8B5A-82C41954A7F5}.RelWithDebInfo|x64.ActiveCfg = Release|x64
		{F927A9DA-AFA4-434B-8B5A-82C41954A7F5}.RelWithDebInfo|x64.Build.0 = Release|x64
		{F927A9DA-AFA4-434B-8B5A-82C41954A7F5}.RelWithDebInfo|x86.ActiveCfg = Release|Win32
		{F927A9DA-AFA4-434B-8B5A-82C41954A7F5}.RelWithDebInfo|x86.Build.0 = Release|Win32
		{D04F5FF3-6D8B-3718-BE85-2AAC74820582}.Debug|Any CPU.ActiveCfg = Debug|x64
		{D04F5FF3-6D8B-3718-BE85-2AAC74820582}.Debug|Any CPU.Build.0 = Debug|x64
		{D04F5FF3-6D8B-3718-BE85-2AAC74820582}.Debug|x64.ActiveCfg = Debug|x64
		{D04F5FF3-6D8B-3718-BE85-2AAC74820582}.Debug|x64.Build.0 = Debug|x64
		{D04F5FF3-6D8B-3718-BE85-2AAC74820582}.Debug|x86.ActiveCfg = Debug|x64
		{D04F5FF3-6D8B-3718-BE85-2AAC74820582}.Debug|x86.Build.0 = Debug|x64
		{D04F5FF3-6D8B-3718-BE85-2AAC74820582}.MinSizeRel|Any CPU.ActiveCfg = MinSizeRel|x64
		{D04F5FF3-6D8B-3718-BE85-2AAC74820582}.MinSizeRel|Any CPU.Build.0 = MinSizeRel|x64
		{D04F5FF3-6D8B-3718-BE85-2AAC74820582}.MinSizeRel|x64.ActiveCfg = MinSizeRel|x64
		{D04F5FF3-6D8B-3718-BE85-2AAC74820582}.MinSizeRel|x64.Build.0 = MinSizeRel|x64
		{D04F5FF3-6D8B-3718-BE85-2AAC74820582}.MinSizeRel|x86.ActiveCfg = MinSizeRel|x64
		{D04F5FF3-6D8B-3718-BE85-2AAC74820582}.MinSizeRel|x86.Build.0 = MinSizeRel|x64
		{D04F5FF3-6D8B-3718-BE85-2AAC74820582}.Release|Any CPU.ActiveCfg = Release|x64
		{D04F5FF3-6D8B-3718-BE85-2AAC74820582}.Release|Any CPU.Build.0 = Release|x64
		{D04F5FF3-6D8B-3718-BE85-2AAC74820582}.Release|x64.ActiveCfg = Release|x64
		{D04F5FF3-6D8B-3718-BE85-2AAC74820582}.Release|x64.Build.0 = Release|x64
		{D04F5FF3-6D8B-3718-BE85-2AAC74820582}.Release|x86.ActiveCfg = Release|x64
		{D04F5FF3-6D8B-3718-BE85-2AAC74820582}.Release|x86.Build.0 = Release|x64
		{D04F5FF3-6D8B-3718-BE85-2AAC74820582}.RelWithDebInfo|Any CPU.ActiveCfg = RelWithDebInfo|x64
		{D04F5FF3-6D8B-3718-BE85-2AAC74820582}.RelWithDebInfo|Any CPU.Build.0 = RelWithDebInfo|x64
		{D04F5FF3-6D8B-3718-BE85-2AAC74820582}.RelWithDebInfo|x64.ActiveCfg = RelWithDebInfo|x64
		{D04F5FF3-6D8B-3718-BE85-2AAC74820582}.RelWithDebInfo|x64.Build.0 = RelWithDebInfo|x64
		{D04F5FF3-6D8B-3718-BE85-2AAC74820582}.RelWithDebInfo|x86.ActiveCfg = RelWithDebInfo|x64
		{D04F5FF3-6D8B-3718-BE85-2AAC74820582}.RelWithDebInfo|x86.Build.0 = RelWithDebInfo|x64
		{3D68712A-BAF7-3103-8454-1FC988C101D1}.Debug|Any CPU.ActiveCfg = Debug|x64
		{3D68712A-BAF7-3103-8454-1FC988C101D1}.Debug|Any CPU.Build.0 = Debug|x64
		{3D68712A-BAF7-3103-8454-1FC988C101D1}.Debug|x64.ActiveCfg = Debug|x64
		{3D68712A-BAF7-3103-8454-1FC988C101D1}.Debug|x64.Build.0 = Debug|x64
		{3D68712A-BAF7-3103-8454-1FC988C101D1}.Debug|x86.ActiveCfg = Debug|x64
		{3D68712A-BAF7-3103-8454-1FC988C101D1}.Debug|x86.Build.0 = Debug|x64
		{3D68712A-BAF7-3103-8454-1FC988C101D1}.MinSizeRel|Any CPU.ActiveCfg = MinSizeRel|x64
		{3D68712A-BAF7-3103-8454-1FC988C101D1}.MinSizeRel|Any CPU.Build.0 = MinSizeRel|x64
		{3D68712A-BAF7-3103-8454-1FC988C101D1}.MinSizeRel|x64.ActiveCfg = MinSizeRel|x64
		{3D68712A-BAF7-3103-8454-1FC988C101D1}.MinSizeRel|x64.Build.0 = MinSizeRel|x64
		{3D68712A-BAF7-3103-8454-1FC988C101D1}.MinSizeRel|x86.ActiveCfg = MinSizeRel|x64
		{3D68712A-BAF7-3103-8454-1FC988C101D1}.MinSizeRel|x86.Build.0 = MinSizeRel|x64
		{3D68712A-BAF7-3103-8454-1FC988C101D1}.Release|Any CPU.ActiveCfg = Release|x64
		{3D68712A-BAF7-3103-8454-1FC988C101D1}.Release|Any CPU.Build.0 = Release|x64
		{3D68712A-BAF7-3103-8454-1FC988C101D1}.Release|x64.ActiveCfg = Release|x64
		{3D68712A-BAF7-3103-8454-1FC988C101D1}.Release|x64.Build.0 = Release|x64
		{3D68712A-BAF7-3103-8454-1FC988C101D1}.Release|x86.ActiveCfg = Release|x64
		{3D68712A-BAF7-3103-8454-1FC988C101D1}.Release|x86.Build.0 = Release|x64
		{3D68712A-BAF7-3103-8454-1FC988C101D1}.RelWithDebInfo|Any CPU.ActiveCfg = RelWithDebInfo|x64
		{3D68712A-BAF7-3103-8454-1FC988C101D1}.RelWithDebInfo|Any CPU.Build.0 = RelWithDebInfo|x64
		{3D68712A-BAF7-3103-8454-1FC988C101D1}.RelWithDebInfo|x64.ActiveCfg = RelWithDebInfo|x64
		{3D68712A-BAF7-3103-8454-1FC988C101D1}.RelWithDebInfo|x64.Build.0 = RelWithDebInfo|x64
		{3D68712A-BAF7-3103-8454-1FC988C101D1}.RelWithDebInfo|x86.ActiveCfg = RelWithDebInfo|x64
		{3D68712A-BAF7-3103-8454-1FC988C101D1}.RelWithDebInfo|x86.Build.0 = RelWithDebInfo|x64
	EndGlobalSection
	GlobalSection(SolutionProperties) = preSolution
		HideSolutionNode = FALSE
	EndGlobalSection
	GlobalSection(ExtensibilityGlobals) = postSolution
		SolutionGuid = {B4230A74-D43A-463A-B4C3-BD63E11655E2}
	EndGlobalSection
EndGlobal
